// !$*UTF8*$!
{
	archiveVersion = 1;
	classes = {
	};
	objectVersion = 56;
	objects = {

/* Begin PBXBuildFile section */
		06B6F3BD2BBA84E800251902 /* AppDelegate.swift in Sources */ = {isa = PBXBuildFile; fileRef = 06B6F3BC2BBA84E800251902 /* AppDelegate.swift */; };
		06B6F3BF2BBA84E800251902 /* SceneDelegate.swift in Sources */ = {isa = PBXBuildFile; fileRef = 06B6F3BE2BBA84E800251902 /* SceneDelegate.swift */; };
		06B6F3C12BBA84E800251902 /* ViewController.swift in Sources */ = {isa = PBXBuildFile; fileRef = 06B6F3C02BBA84E800251902 /* ViewController.swift */; };
		06B6F3C42BBA84E800251902 /* Main.storyboard in Resources */ = {isa = PBXBuildFile; fileRef = 06B6F3C22BBA84E800251902 /* Main.storyboard */; };
		06B6F3C62BBA84EC00251902 /* Assets.xcassets in Resources */ = {isa = PBXBuildFile; fileRef = 06B6F3C52BBA84EC00251902 /* Assets.xcassets */; };
		06B6F3C92BBA84EC00251902 /* LaunchScreen.storyboard in Resources */ = {isa = PBXBuildFile; fileRef = 06B6F3C72BBA84EC00251902 /* LaunchScreen.storyboard */; };
		06B6F3D32BBAC33B00251902 /* ExportOptions.plist in Resources */ = {isa = PBXBuildFile; fileRef = 06B6F3D22BBAC33B00251902 /* ExportOptions.plist */; };
		37F4F5E16C4999DAB1E7A0B3 /* Pods_AutomateCD.framework in Frameworks */ = {isa = PBXBuildFile; fileRef = C7073FA6AC5F908675231BE8 /* Pods_AutomateCD.framework */; };
/* End PBXBuildFile section */

/* Begin PBXFileReference section */
		06B6F3B92BBA84E800251902 /* AutomateCD.app */ = {isa = PBXFileReference; explicitFileType = wrapper.application; includeInIndex = 0; path = AutomateCD.app; sourceTree = BUILT_PRODUCTS_DIR; };
		06B6F3BC2BBA84E800251902 /* AppDelegate.swift */ = {isa = PBXFileReference; lastKnownFileType = sourcecode.swift; path = AppDelegate.swift; sourceTree = "<group>"; };
		06B6F3BE2BBA84E800251902 /* SceneDelegate.swift */ = {isa = PBXFileReference; lastKnownFileType = sourcecode.swift; path = SceneDelegate.swift; sourceTree = "<group>"; };
		06B6F3C02BBA84E800251902 /* ViewController.swift */ = {isa = PBXFileReference; lastKnownFileType = sourcecode.swift; path = ViewController.swift; sourceTree = "<group>"; };
		06B6F3C32BBA84E800251902 /* Base */ = {isa = PBXFileReference; lastKnownFileType = file.storyboard; name = Base; path = Base.lproj/Main.storyboard; sourceTree = "<group>"; };
		06B6F3C52BBA84EC00251902 /* Assets.xcassets */ = {isa = PBXFileReference; lastKnownFileType = folder.assetcatalog; path = Assets.xcassets; sourceTree = "<group>"; };
		06B6F3C82BBA84EC00251902 /* Base */ = {isa = PBXFileReference; lastKnownFileType = file.storyboard; name = Base; path = Base.lproj/LaunchScreen.storyboard; sourceTree = "<group>"; };
		06B6F3CA2BBA84EC00251902 /* Info.plist */ = {isa = PBXFileReference; lastKnownFileType = text.plist.xml; path = Info.plist; sourceTree = "<group>"; };
		06B6F3D22BBAC33B00251902 /* ExportOptions.plist */ = {isa = PBXFileReference; lastKnownFileType = text.plist.xml; path = ExportOptions.plist; sourceTree = "<group>"; };
		4AF6CE2BBDB70A868018B1D0 /* Pods-AutomateCD.release.xcconfig */ = {isa = PBXFileReference; includeInIndex = 1; lastKnownFileType = text.xcconfig; name = "Pods-AutomateCD.release.xcconfig"; path = "Target Support Files/Pods-AutomateCD/Pods-AutomateCD.release.xcconfig"; sourceTree = "<group>"; };
		C7073FA6AC5F908675231BE8 /* Pods_AutomateCD.framework */ = {isa = PBXFileReference; explicitFileType = wrapper.framework; includeInIndex = 0; path = Pods_AutomateCD.framework; sourceTree = BUILT_PRODUCTS_DIR; };
		D34B6C5FBC3FB1A444CFA854 /* Pods-AutomateCD.debug.xcconfig */ = {isa = PBXFileReference; includeInIndex = 1; lastKnownFileType = text.xcconfig; name = "Pods-AutomateCD.debug.xcconfig"; path = "Target Support Files/Pods-AutomateCD/Pods-AutomateCD.debug.xcconfig"; sourceTree = "<group>"; };
/* End PBXFileReference section */

/* Begin PBXFrameworksBuildPhase section */
		06B6F3B62BBA84E800251902 /* Frameworks */ = {
			isa = PBXFrameworksBuildPhase;
			buildActionMask = 2147483647;
			files = (
				37F4F5E16C4999DAB1E7A0B3 /* Pods_AutomateCD.framework in Frameworks */,
			);
			runOnlyForDeploymentPostprocessing = 0;
		};
/* End PBXFrameworksBuildPhase section */

/* Begin PBXGroup section */
		06B6F3B02BBA84E800251902 = {
			isa = PBXGroup;
			children = (
				06B6F3BB2BBA84E800251902 /* AutomateCD */,
				06B6F3BA2BBA84E800251902 /* Products */,
				6E5A9641C234C527362D7EC5 /* Pods */,
				D57A44565B612041D98B8AD1 /* Frameworks */,
			);
			sourceTree = "<group>";
		};
		06B6F3BA2BBA84E800251902 /* Products */ = {
			isa = PBXGroup;
			children = (
				06B6F3B92BBA84E800251902 /* AutomateCD.app */,
			);
			name = Products;
			sourceTree = "<group>";
		};
		06B6F3BB2BBA84E800251902 /* AutomateCD */ = {
			isa = PBXGroup;
			children = (
				06B6F3BC2BBA84E800251902 /* AppDelegate.swift */,
				06B6F3BE2BBA84E800251902 /* SceneDelegate.swift */,
				06B6F3C02BBA84E800251902 /* ViewController.swift */,
				06B6F3C22BBA84E800251902 /* Main.storyboard */,
				06B6F3C52BBA84EC00251902 /* Assets.xcassets */,
				06B6F3C72BBA84EC00251902 /* LaunchScreen.storyboard */,
				06B6F3CA2BBA84EC00251902 /* Info.plist */,
				06B6F3D22BBAC33B00251902 /* ExportOptions.plist */,
			);
			path = AutomateCD;
			sourceTree = "<group>";
		};
		6E5A9641C234C527362D7EC5 /* Pods */ = {
			isa = PBXGroup;
			children = (
				D34B6C5FBC3FB1A444CFA854 /* Pods-AutomateCD.debug.xcconfig */,
				4AF6CE2BBDB70A868018B1D0 /* Pods-AutomateCD.release.xcconfig */,
			);
			path = Pods;
			sourceTree = "<group>";
		};
		D57A44565B612041D98B8AD1 /* Frameworks */ = {
			isa = PBXGroup;
			children = (
				C7073FA6AC5F908675231BE8 /* Pods_AutomateCD.framework */,
			);
			name = Frameworks;
			sourceTree = "<group>";
		};
/* End PBXGroup section */

/* Begin PBXNativeTarget section */
		06B6F3B82BBA84E800251902 /* AutomateCD */ = {
			isa = PBXNativeTarget;
			buildConfigurationList = 06B6F3CD2BBA84EC00251902 /* Build configuration list for PBXNativeTarget "AutomateCD" */;
			buildPhases = (
				5703EA35EDD3A1963B28B647 /* [CP] Check Pods Manifest.lock */,
				06B6F3B52BBA84E800251902 /* Sources */,
				06B6F3B62BBA84E800251902 /* Frameworks */,
				06B6F3B72BBA84E800251902 /* Resources */,
				659C632D208DBEB4589C1D9D /* [CP] Embed Pods Frameworks */,
			);
			buildRules = (
			);
			dependencies = (
			);
			name = AutomateCD;
			productName = AutomateCD;
			productReference = 06B6F3B92BBA84E800251902 /* AutomateCD.app */;
			productType = "com.apple.product-type.application";
		};
/* End PBXNativeTarget section */

/* Begin PBXProject section */
		06B6F3B12BBA84E800251902 /* Project object */ = {
			isa = PBXProject;
			attributes = {
				BuildIndependentTargetsInParallel = 1;
				LastSwiftUpdateCheck = 1500;
				LastUpgradeCheck = 1500;
				TargetAttributes = {
					06B6F3B82BBA84E800251902 = {
						CreatedOnToolsVersion = 15.0;
					};
				};
			};
			buildConfigurationList = 06B6F3B42BBA84E800251902 /* Build configuration list for PBXProject "AutomateCD" */;
			compatibilityVersion = "Xcode 14.0";
			developmentRegion = en;
			hasScannedForEncodings = 0;
			knownRegions = (
				en,
				Base,
			);
			mainGroup = 06B6F3B02BBA84E800251902;
			productRefGroup = 06B6F3BA2BBA84E800251902 /* Products */;
			projectDirPath = "";
			projectRoot = "";
			targets = (
				06B6F3B82BBA84E800251902 /* AutomateCD */,
			);
		};
/* End PBXProject section */

/* Begin PBXResourcesBuildPhase section */
		06B6F3B72BBA84E800251902 /* Resources */ = {
			isa = PBXResourcesBuildPhase;
			buildActionMask = 2147483647;
			files = (
				06B6F3C92BBA84EC00251902 /* LaunchScreen.storyboard in Resources */,
				06B6F3C62BBA84EC00251902 /* Assets.xcassets in Resources */,
				06B6F3C42BBA84E800251902 /* Main.storyboard in Resources */,
				06B6F3D32BBAC33B00251902 /* ExportOptions.plist in Resources */,
			);
			runOnlyForDeploymentPostprocessing = 0;
		};
/* End PBXResourcesBuildPhase section */

/* Begin PBXShellScriptBuildPhase section */
		5703EA35EDD3A1963B28B647 /* [CP] Check Pods Manifest.lock */ = {
			isa = PBXShellScriptBuildPhase;
			buildActionMask = 2147483647;
			files = (
			);
			inputFileListPaths = (
			);
			inputPaths = (
				"${PODS_PODFILE_DIR_PATH}/Podfile.lock",
				"${PODS_ROOT}/Manifest.lock",
			);
			name = "[CP] Check Pods Manifest.lock";
			outputFileListPaths = (
			);
			outputPaths = (
				"$(DERIVED_FILE_DIR)/Pods-AutomateCD-checkManifestLockResult.txt",
			);
			runOnlyForDeploymentPostprocessing = 0;
			shellPath = /bin/sh;
			shellScript = "diff \"${PODS_PODFILE_DIR_PATH}/Podfile.lock\" \"${PODS_ROOT}/Manifest.lock\" > /dev/null\nif [ $? != 0 ] ; then\n    # print error to STDERR\n    echo \"error: The sandbox is not in sync with the Podfile.lock. Run 'pod install' or update your CocoaPods installation.\" >&2\n    exit 1\nfi\n# This output is used by Xcode 'outputs' to avoid re-running this script phase.\necho \"SUCCESS\" > \"${SCRIPT_OUTPUT_FILE_0}\"\n";
			showEnvVarsInLog = 0;
		};
		659C632D208DBEB4589C1D9D /* [CP] Embed Pods Frameworks */ = {
			isa = PBXShellScriptBuildPhase;
			buildActionMask = 2147483647;
			files = (
			);
			inputFileListPaths = (
				"${PODS_ROOT}/Target Support Files/Pods-AutomateCD/Pods-AutomateCD-frameworks-${CONFIGURATION}-input-files.xcfilelist",
			);
			name = "[CP] Embed Pods Frameworks";
			outputFileListPaths = (
				"${PODS_ROOT}/Target Support Files/Pods-AutomateCD/Pods-AutomateCD-frameworks-${CONFIGURATION}-output-files.xcfilelist",
			);
			runOnlyForDeploymentPostprocessing = 0;
			shellPath = /bin/sh;
			shellScript = "\"${PODS_ROOT}/Target Support Files/Pods-AutomateCD/Pods-AutomateCD-frameworks.sh\"\n";
			showEnvVarsInLog = 0;
		};
/* End PBXShellScriptBuildPhase section */

/* Begin PBXSourcesBuildPhase section */
		06B6F3B52BBA84E800251902 /* Sources */ = {
			isa = PBXSourcesBuildPhase;
			buildActionMask = 2147483647;
			files = (
				06B6F3C12BBA84E800251902 /* ViewController.swift in Sources */,
				06B6F3BD2BBA84E800251902 /* AppDelegate.swift in Sources */,
				06B6F3BF2BBA84E800251902 /* SceneDelegate.swift in Sources */,
			);
			runOnlyForDeploymentPostprocessing = 0;
		};
/* End PBXSourcesBuildPhase section */

/* Begin PBXVariantGroup section */
		06B6F3C22BBA84E800251902 /* Main.storyboard */ = {
			isa = PBXVariantGroup;
			children = (
				06B6F3C32BBA84E800251902 /* Base */,
			);
			name = Main.storyboard;
			sourceTree = "<group>";
		};
		06B6F3C72BBA84EC00251902 /* LaunchScreen.storyboard */ = {
			isa = PBXVariantGroup;
			children = (
				06B6F3C82BBA84EC00251902 /* Base */,
			);
			name = LaunchScreen.storyboard;
			sourceTree = "<group>";
		};
/* End PBXVariantGroup section */

/* Begin XCBuildConfiguration section */
		06B6F3CB2BBA84EC00251902 /* Debug */ = {
			isa = XCBuildConfiguration;
			buildSettings = {
				ALWAYS_SEARCH_USER_PATHS = NO;
				ASSETCATALOG_COMPILER_GENERATE_SWIFT_ASSET_SYMBOL_EXTENSIONS = YES;
				CLANG_ANALYZER_NONNULL = YES;
				CLANG_ANALYZER_NUMBER_OBJECT_CONVERSION = YES_AGGRESSIVE;
				CLANG_CXX_LANGUAGE_STANDARD = "gnu++20";
				CLANG_ENABLE_MODULES = YES;
				CLANG_ENABLE_OBJC_ARC = YES;
				CLANG_ENABLE_OBJC_WEAK = YES;
				CLANG_WARN_BLOCK_CAPTURE_AUTORELEASING = YES;
				CLANG_WARN_BOOL_CONVERSION = YES;
				CLANG_WARN_COMMA = YES;
				CLANG_WARN_CONSTANT_CONVERSION = YES;
				CLANG_WARN_DEPRECATED_OBJC_IMPLEMENTATIONS = YES;
				CLANG_WARN_DIRECT_OBJC_ISA_USAGE = YES_ERROR;
				CLANG_WARN_DOCUMENTATION_COMMENTS = YES;
				CLANG_WARN_EMPTY_BODY = YES;
				CLANG_WARN_ENUM_CONVERSION = YES;
				CLANG_WARN_INFINITE_RECURSION = YES;
				CLANG_WARN_INT_CONVERSION = YES;
				CLANG_WARN_NON_LITERAL_NULL_CONVERSION = YES;
				CLANG_WARN_OBJC_IMPLICIT_RETAIN_SELF = YES;
				CLANG_WARN_OBJC_LITERAL_CONVERSION = YES;
				CLANG_WARN_OBJC_ROOT_CLASS = YES_ERROR;
				CLANG_WARN_QUOTED_INCLUDE_IN_FRAMEWORK_HEADER = YES;
				CLANG_WARN_RANGE_LOOP_ANALYSIS = YES;
				CLANG_WARN_STRICT_PROTOTYPES = YES;
				CLANG_WARN_SUSPICIOUS_MOVE = YES;
				CLANG_WARN_UNGUARDED_AVAILABILITY = YES_AGGRESSIVE;
				CLANG_WARN_UNREACHABLE_CODE = YES;
				CLANG_WARN__DUPLICATE_METHOD_MATCH = YES;
				COPY_PHASE_STRIP = NO;
				DEBUG_INFORMATION_FORMAT = dwarf;
				ENABLE_STRICT_OBJC_MSGSEND = YES;
				ENABLE_TESTABILITY = YES;
				ENABLE_USER_SCRIPT_SANDBOXING = NO;
				GCC_C_LANGUAGE_STANDARD = gnu17;
				GCC_DYNAMIC_NO_PIC = NO;
				GCC_NO_COMMON_BLOCKS = YES;
				GCC_OPTIMIZATION_LEVEL = 0;
				GCC_PREPROCESSOR_DEFINITIONS = (
					"DEBUG=1",
					"$(inherited)",
				);
				GCC_WARN_64_TO_32_BIT_CONVERSION = YES;
				GCC_WARN_ABOUT_RETURN_TYPE = YES_ERROR;
				GCC_WARN_UNDECLARED_SELECTOR = YES;
				GCC_WARN_UNINITIALIZED_AUTOS = YES_AGGRESSIVE;
				GCC_WARN_UNUSED_FUNCTION = YES;
				GCC_WARN_UNUSED_VARIABLE = YES;
				IPHONEOS_DEPLOYMENT_TARGET = 15.2;
				LOCALIZATION_PREFERS_STRING_CATALOGS = YES;
				MTL_ENABLE_DEBUG_INFO = INCLUDE_SOURCE;
				MTL_FAST_MATH = YES;
				ONLY_ACTIVE_ARCH = YES;
				SDKROOT = iphoneos;
				SWIFT_ACTIVE_COMPILATION_CONDITIONS = "DEBUG $(inherited)";
				SWIFT_OPTIMIZATION_LEVEL = "-Onone";
			};
			name = Debug;
		};
		06B6F3CC2BBA84EC00251902 /* Release */ = {
			isa = XCBuildConfiguration;
			buildSettings = {
				ALWAYS_SEARCH_USER_PATHS = NO;
				ASSETCATALOG_COMPILER_GENERATE_SWIFT_ASSET_SYMBOL_EXTENSIONS = YES;
				CLANG_ANALYZER_NONNULL = YES;
				CLANG_ANALYZER_NUMBER_OBJECT_CONVERSION = YES_AGGRESSIVE;
				CLANG_CXX_LANGUAGE_STANDARD = "gnu++20";
				CLANG_ENABLE_MODULES = YES;
				CLANG_ENABLE_OBJC_ARC = YES;
				CLANG_ENABLE_OBJC_WEAK = YES;
				CLANG_WARN_BLOCK_CAPTURE_AUTORELEASING = YES;
				CLANG_WARN_BOOL_CONVERSION = YES;
				CLANG_WARN_COMMA = YES;
				CLANG_WARN_CONSTANT_CONVERSION = YES;
				CLANG_WARN_DEPRECATED_OBJC_IMPLEMENTATIONS = YES;
				CLANG_WARN_DIRECT_OBJC_ISA_USAGE = YES_ERROR;
				CLANG_WARN_DOCUMENTATION_COMMENTS = YES;
				CLANG_WARN_EMPTY_BODY = YES;
				CLANG_WARN_ENUM_CONVERSION = YES;
				CLANG_WARN_INFINITE_RECURSION = YES;
				CLANG_WARN_INT_CONVERSION = YES;
				CLANG_WARN_NON_LITERAL_NULL_CONVERSION = YES;
				CLANG_WARN_OBJC_IMPLICIT_RETAIN_SELF = YES;
				CLANG_WARN_OBJC_LITERAL_CONVERSION = YES;
				CLANG_WARN_OBJC_ROOT_CLASS = YES_ERROR;
				CLANG_WARN_QUOTED_INCLUDE_IN_FRAMEWORK_HEADER = YES;
				CLANG_WARN_RANGE_LOOP_ANALYSIS = YES;
				CLANG_WARN_STRICT_PROTOTYPES = YES;
				CLANG_WARN_SUSPICIOUS_MOVE = YES;
				CLANG_WARN_UNGUARDED_AVAILABILITY = YES_AGGRESSIVE;
				CLANG_WARN_UNREACHABLE_CODE = YES;
				CLANG_WARN__DUPLICATE_METHOD_MATCH = YES;
				COPY_PHASE_STRIP = NO;
				DEBUG_INFORMATION_FORMAT = "dwarf-with-dsym";
				ENABLE_NS_ASSERTIONS = NO;
				ENABLE_STRICT_OBJC_MSGSEND = YES;
				ENABLE_USER_SCRIPT_SANDBOXING = NO;
				GCC_C_LANGUAGE_STANDARD = gnu17;
				GCC_NO_COMMON_BLOCKS = YES;
				GCC_WARN_64_TO_32_BIT_CONVERSION = YES;
				GCC_WARN_ABOUT_RETURN_TYPE = YES_ERROR;
				GCC_WARN_UNDECLARED_SELECTOR = YES;
				GCC_WARN_UNINITIALIZED_AUTOS = YES_AGGRESSIVE;
				GCC_WARN_UNUSED_FUNCTION = YES;
				GCC_WARN_UNUSED_VARIABLE = YES;
				IPHONEOS_DEPLOYMENT_TARGET = 15.2;
				LOCALIZATION_PREFERS_STRING_CATALOGS = YES;
				MTL_ENABLE_DEBUG_INFO = NO;
				MTL_FAST_MATH = YES;
				SDKROOT = iphoneos;
				SWIFT_COMPILATION_MODE = wholemodule;
				VALIDATE_PRODUCT = YES;
			};
			name = Release;
		};
		06B6F3CE2BBA84EC00251902 /* Debug */ = {
			isa = XCBuildConfiguration;
			baseConfigurationReference = D34B6C5FBC3FB1A444CFA854 /* Pods-AutomateCD.debug.xcconfig */;
			buildSettings = {
				ASSETCATALOG_COMPILER_APPICON_NAME = AppIcon;
				ASSETCATALOG_COMPILER_GLOBAL_ACCENT_COLOR_NAME = AccentColor;
				CODE_SIGN_IDENTITY = "Apple Development";
				CODE_SIGN_STYLE = Automatic;
				CURRENT_PROJECT_VERSION = 1;
				DEVELOPMENT_TEAM = 8H4VCQCSWU;
				GENERATE_INFOPLIST_FILE = YES;
				INFOPLIST_FILE = AutomateCD/Info.plist;
				INFOPLIST_KEY_UIApplicationSupportsIndirectInputEvents = YES;
				INFOPLIST_KEY_UILaunchStoryboardName = LaunchScreen;
				INFOPLIST_KEY_UIMainStoryboardFile = Main;
				INFOPLIST_KEY_UISupportedInterfaceOrientations_iPad = "UIInterfaceOrientationPortrait UIInterfaceOrientationPortraitUpsideDown UIInterfaceOrientationLandscapeLeft UIInterfaceOrientationLandscapeRight";
				INFOPLIST_KEY_UISupportedInterfaceOrientations_iPhone = "UIInterfaceOrientationPortrait UIInterfaceOrientationLandscapeLeft UIInterfaceOrientationLandscapeRight";
				IPHONEOS_DEPLOYMENT_TARGET = 15.2;
				LD_RUNPATH_SEARCH_PATHS = (
					"$(inherited)",
					"@executable_path/Frameworks",
				);
				MARKETING_VERSION = 1.0;
				PRODUCT_BUNDLE_IDENTIFIER = com.Tissa.AutomateCD;
				PRODUCT_NAME = "$(TARGET_NAME)";
				PROVISIONING_PROFILE_SPECIFIER = "";
				SWIFT_EMIT_LOC_STRINGS = YES;
				SWIFT_VERSION = 5.0;
				TARGETED_DEVICE_FAMILY = "1,2";
			};
			name = Debug;
		};
		06B6F3CF2BBA84EC00251902 /* Release */ = {
			isa = XCBuildConfiguration;
			baseConfigurationReference = 4AF6CE2BBDB70A868018B1D0 /* Pods-AutomateCD.release.xcconfig */;
			buildSettings = {
				ASSETCATALOG_COMPILER_APPICON_NAME = AppIcon;
				ASSETCATALOG_COMPILER_GLOBAL_ACCENT_COLOR_NAME = AccentColor;
				CODE_SIGN_IDENTITY = "Apple Development";
				CODE_SIGN_STYLE = Automatic;
				CURRENT_PROJECT_VERSION = 1;
				DEVELOPMENT_TEAM = 8H4VCQCSWU;
				GENERATE_INFOPLIST_FILE = YES;
				INFOPLIST_FILE = AutomateCD/Info.plist;
				INFOPLIST_KEY_UIApplicationSupportsIndirectInputEvents = YES;
				INFOPLIST_KEY_UILaunchStoryboardName = LaunchScreen;
				INFOPLIST_KEY_UIMainStoryboardFile = Main;
				INFOPLIST_KEY_UISupportedInterfaceOrientations_iPad = "UIInterfaceOrientationPortrait UIInterfaceOrientationPortraitUpsideDown UIInterfaceOrientationLandscapeLeft UIInterfaceOrientationLandscapeRight";
				INFOPLIST_KEY_UISupportedInterfaceOrientations_iPhone = "UIInterfaceOrientationPortrait UIInterfaceOrientationLandscapeLeft UIInterfaceOrientationLandscapeRight";
				IPHONEOS_DEPLOYMENT_TARGET = 15.2;
				LD_RUNPATH_SEARCH_PATHS = (
					"$(inherited)",
					"@executable_path/Frameworks",
				);
				MARKETING_VERSION = 1.0;
				PRODUCT_BUNDLE_IDENTIFIER = com.Tissa.AutomateCD;
				PRODUCT_NAME = "$(TARGET_NAME)";
				PROVISIONING_PROFILE_SPECIFIER = "";
				SWIFT_EMIT_LOC_STRINGS = YES;
				SWIFT_VERSION = 5.0;
				TARGETED_DEVICE_FAMILY = "1,2";
			};
			name = Release;
		};
/* End XCBuildConfiguration section */

/* Begin XCConfigurationList section */
		06B6F3B42BBA84E800251902 /* Build configuration list for PBXProject "AutomateCD" */ = {
			isa = XCConfigurationList;
			buildConfigurations = (
				06B6F3CB2BBA84EC00251902 /* Debug */,
				06B6F3CC2BBA84EC00251902 /* Release */,
			);
			defaultConfigurationIsVisible = 0;
			defaultConfigurationName = Release;
		};
		06B6F3CD2BBA84EC00251902 /* Build configuration list for PBXNativeTarget "AutomateCD" */ = {
			isa = XCConfigurationList;
			buildConfigurations = (
				06B6F3CE2BBA84EC00251902 /* Debug */,
				06B6F3CF2BBA84EC00251902 /* Release */,
			);
			defaultConfigurationIsVisible = 0;
			defaultConfigurationName = Release;
		};
/* End XCConfigurationList section */
	};
	rootObject = 06B6F3B12BBA84E800251902 /* Project object */;
}
